
Microsoft Visual Studio Solution File, Format Version 12.00
# Visual Studio 15
VisualStudioVersion = 15.0.28010.2050
MinimumVisualStudioVersion = 10.0.40219.1
Project("{9A19103F-16F7-4668-BE54-9A1E7A4F7556}") = "Thrones", "Thrones\Thrones.csproj", "{F987A94B-3B3D-46F9-8C79-68D52A18E054}"
EndProject
Project("{FAE04EC0-301F-11D3-BF4B-00C04F79EFBC}") = "Breaking", "Breaking\Breaking.csproj", "{56E81028-DB1E-4F83-B7F2-407AE428F890}"
EndProject
Project("{FAE04EC0-301F-11D3-BF4B-00C04F79EFBC}") = "MovieDomain", "MovieDomain\MovieDomain.csproj", "{C76D85A4-3933-472F-BB2C-5CC75A1D2470}"
EndProject
Global
	GlobalSection(SolutionConfigurationPlatforms) = preSolution
		Debug|Any CPU = Debug|Any CPU
		Release|Any CPU = Release|Any CPU
	EndGlobalSection
	GlobalSection(ProjectConfigurationPlatforms) = postSolution
		{F987A94B-3B3D-46F9-8C79-68D52A18E054}.Debug|Any CPU.ActiveCfg = Debug|Any CPU
		{F987A94B-3B3D-46F9-8C79-68D52A18E054}.Debug|Any CPU.Build.0 = Debug|Any CPU
		{F987A94B-3B3D-46F9-8C79-68D52A18E054}.Release|Any CPU.ActiveCfg = Release|Any CPU
		{F987A94B-3B3D-46F9-8C79-68D52A18E054}.Release|Any CPU.Build.0 = Release|Any CPU
		{56E81028-DB1E-4F83-B7F2-407AE428F890}.Debug|Any CPU.ActiveCfg = Debug|Any CPU
		{56E81028-DB1E-4F83-B7F2-407AE428F890}.Debug|Any CPU.Build.0 = Debug|Any CPU
		{56E81028-DB1E-4F83-B7F2-407AE428F890}.Release|Any CPU.ActiveCfg = Release|Any CPU
		{56E81028-DB1E-4F83-B7F2-407AE428F890}.Release|Any CPU.Build.0 = Release|Any CPU
		{C76D85A4-3933-472F-BB2C-5CC75A1D2470}.Debug|Any CPU.ActiveCfg = Debug|Any CPU
		{C76D85A4-3933-472F-BB2C-5CC75A1D2470}.Debug|Any CPU.Build.0 = Debug|Any CPU
		{C76D85A4-3933-472F-BB2C-5CC75A1D2470}.Release|Any CPU.ActiveCfg = Release|Any CPU
		{C76D85A4-3933-472F-BB2C-5CC75A1D2470}.Release|Any CPU.Build.0 = Release|Any CPU
	EndGlobalSection
	GlobalSection(SolutionProperties) = preSolution
		HideSolutionNode = FALSE
	EndGlobalSection
	GlobalSection(ExtensibilityGlobals) = postSolution
		SolutionGuid = {4BA62541-44EB-47F2-8025-F07480DFCEA9}
	EndGlobalSection
EndGlobal
